[[package]]
name = "grpcio"
version = "1.51.1"
description = "HTTP/2-based RPC framework"
category = "main"
optional = false
python-versions = ">=3.7"

[package.extras]
protobuf = ["grpcio-tools (>=1.51.1)"]

[[package]]
name = "grpcio-tools"
version = "1.51.1"
description = "Protobuf code generator for gRPC"
category = "main"
optional = false
python-versions = ">=3.7"

[package.dependencies]
grpcio = ">=1.51.1"
protobuf = ">=4.21.6,<5.0dev"

[[package]]
name = "grpclib"
version = "0.4.3"
description = "Pure-Python gRPC implementation for asyncio"
category = "main"
optional = false
python-versions = ">=3.7"

[package.dependencies]
h2 = ">=3.1.0,<5"
multidict = "*"

[package.extras]
protobuf = ["protobuf (>=3.15.0)"]

[[package]]
name = "h2"
version = "4.1.0"
description = "HTTP/2 State-Machine based protocol implementation"
category = "main"
optional = false
python-versions = ">=3.6.1"

[package.dependencies]
hpack = ">=4.0,<5"
hyperframe = ">=6.0,<7"

[[package]]
name = "hpack"
version = "4.0.0"
description = "Pure-Python HPACK header compression"
category = "main"
optional = false
python-versions = ">=3.6.1"

[[package]]
name = "hyperframe"
version = "6.0.1"
description = "HTTP/2 framing layer for Python"
category = "main"
optional = false
python-versions = ">=3.6.1"

[[package]]
name = "multidict"
version = "6.0.2"
description = "multidict implementation"
category = "main"
optional = false
python-versions = ">=3.7"

[[package]]
name = "protobuf"
version = "4.21.9"
description = ""
category = "main"
optional = false
python-versions = ">=3.7"

[metadata]
lock-version = "1.1"
python-versions = "^3.9"
content-hash = "36d1c699ce12beb1c8c5f323e4a9d15ea0e5527d760fbf58cf820d6659ef4c46"

[metadata.files]
grpcio = []
grpcio-tools = []
grpclib = []
h2 = []
hpack = []
hyperframe = []
multidict = []
protobuf = []
